
Microsoft Visual Studio Solution File, Format Version 12.00
# Visual Studio 15
VisualStudioVersion = 15.0.28010.2046
MinimumVisualStudioVersion = 10.0.40219.1
Project("{2150E333-8FDC-42A3-9474-1A3956D46DE8}") = "0 - Domain", "0 - Domain", "{EFF48E43-5D22-4E9A-8074-4F265FBB9F37}"
EndProject
Project("{2150E333-8FDC-42A3-9474-1A3956D46DE8}") = "1 - Tests", "1 - Tests", "{9CAA27B6-939B-4AC5-9E3C-53E9A9492B78}"
EndProject
Project("{2150E333-8FDC-42A3-9474-1A3956D46DE8}") = "2 - Infra", "2 - Infra", "{077840C3-D8C9-4505-81FA-786678F82E53}"
EndProject
Project("{2150E333-8FDC-42A3-9474-1A3956D46DE8}") = "3 - Application", "3 - Application", "{387DA6A6-4369-4F18-840F-D63921C5FC9A}"
EndProject
Project("{2150E333-8FDC-42A3-9474-1A3956D46DE8}") = "4 - API", "4 - API", "{B7917793-A0AE-4DB1-B60B-DE220C2A98E0}"
EndProject
Project("{2150E333-8FDC-42A3-9474-1A3956D46DE8}") = "5 - Presentation", "5 - Presentation", "{52A26979-C17E-4CF2-BCFD-2A669188A1D6}"
EndProject
Project("{FAE04EC0-301F-11D3-BF4B-00C04F79EFBC}") = "Switch.Domain", "Switch.Domain\Switch.Domain.csproj", "{32801FF8-D370-42FC-9BFD-44B73BC8AD78}"
EndProject
Project("{FAE04EC0-301F-11D3-BF4B-00C04F79EFBC}") = "Switch.Domain.Tests", "Switch.Domain.Tests\Switch.Domain.Tests.csproj", "{04EC9273-22BE-4F38-920E-954E56799CFB}"
EndProject
Project("{2150E333-8FDC-42A3-9474-1A3956D46DE8}") = "2.1 - CrossCutting", "2.1 - CrossCutting", "{5C744E29-1F3E-458C-942B-BDA132A8A487}"
EndProject
Project("{2150E333-8FDC-42A3-9474-1A3956D46DE8}") = "2.2 - Data", "2.2 - Data", "{AC2ED76E-45C0-4980-97C1-C327CA02E3FD}"
EndProject
Project("{FAE04EC0-301F-11D3-BF4B-00C04F79EFBC}") = "Switch.Infra.Data", "Switch.Infra.Data\Switch.Infra.Data.csproj", "{29A7C8F5-BDBC-4FDC-B662-0DB5D0B3A5CA}"
EndProject
Project("{FAE04EC0-301F-11D3-BF4B-00C04F79EFBC}") = "Switch.Application", "Switch.Application\Switch.Application.csproj", "{9FF40281-906D-45FB-942B-75B3B6B23E1C}"
EndProject
Project("{FAE04EC0-301F-11D3-BF4B-00C04F79EFBC}") = "Switch.API", "Switch.API\Switch.API.csproj", "{F94B510C-1216-47FD-841C-2CF4FD8A80C9}"
EndProject
Global
	GlobalSection(SolutionConfigurationPlatforms) = preSolution
		Debug|Any CPU = Debug|Any CPU
		Release|Any CPU = Release|Any CPU
	EndGlobalSection
	GlobalSection(ProjectConfigurationPlatforms) = postSolution
		{32801FF8-D370-42FC-9BFD-44B73BC8AD78}.Debug|Any CPU.ActiveCfg = Debug|Any CPU
		{32801FF8-D370-42FC-9BFD-44B73BC8AD78}.Debug|Any CPU.Build.0 = Debug|Any CPU
		{32801FF8-D370-42FC-9BFD-44B73BC8AD78}.Release|Any CPU.ActiveCfg = Release|Any CPU
		{32801FF8-D370-42FC-9BFD-44B73BC8AD78}.Release|Any CPU.Build.0 = Release|Any CPU
		{04EC9273-22BE-4F38-920E-954E56799CFB}.Debug|Any CPU.ActiveCfg = Debug|Any CPU
		{04EC9273-22BE-4F38-920E-954E56799CFB}.Debug|Any CPU.Build.0 = Debug|Any CPU
		{04EC9273-22BE-4F38-920E-954E56799CFB}.Release|Any CPU.ActiveCfg = Release|Any CPU
		{04EC9273-22BE-4F38-920E-954E56799CFB}.Release|Any CPU.Build.0 = Release|Any CPU
		{29A7C8F5-BDBC-4FDC-B662-0DB5D0B3A5CA}.Debug|Any CPU.ActiveCfg = Debug|Any CPU
		{29A7C8F5-BDBC-4FDC-B662-0DB5D0B3A5CA}.Debug|Any CPU.Build.0 = Debug|Any CPU
		{29A7C8F5-BDBC-4FDC-B662-0DB5D0B3A5CA}.Release|Any CPU.ActiveCfg = Release|Any CPU
		{29A7C8F5-BDBC-4FDC-B662-0DB5D0B3A5CA}.Release|Any CPU.Build.0 = Release|Any CPU
		{9FF40281-906D-45FB-942B-75B3B6B23E1C}.Debug|Any CPU.ActiveCfg = Debug|Any CPU
		{9FF40281-906D-45FB-942B-75B3B6B23E1C}.Debug|Any CPU.Build.0 = Debug|Any CPU
		{9FF40281-906D-45FB-942B-75B3B6B23E1C}.Release|Any CPU.ActiveCfg = Release|Any CPU
		{9FF40281-906D-45FB-942B-75B3B6B23E1C}.Release|Any CPU.Build.0 = Release|Any CPU
		{F94B510C-1216-47FD-841C-2CF4FD8A80C9}.Debug|Any CPU.ActiveCfg = Debug|Any CPU
		{F94B510C-1216-47FD-841C-2CF4FD8A80C9}.Debug|Any CPU.Build.0 = Debug|Any CPU
		{F94B510C-1216-47FD-841C-2CF4FD8A80C9}.Release|Any CPU.ActiveCfg = Release|Any CPU
		{F94B510C-1216-47FD-841C-2CF4FD8A80C9}.Release|Any CPU.Build.0 = Release|Any CPU
	EndGlobalSection
	GlobalSection(SolutionProperties) = preSolution
		HideSolutionNode = FALSE
	EndGlobalSection
	GlobalSection(NestedProjects) = preSolution
		{32801FF8-D370-42FC-9BFD-44B73BC8AD78} = {EFF48E43-5D22-4E9A-8074-4F265FBB9F37}
		{04EC9273-22BE-4F38-920E-954E56799CFB} = {9CAA27B6-939B-4AC5-9E3C-53E9A9492B78}
		{5C744E29-1F3E-458C-942B-BDA132A8A487} = {077840C3-D8C9-4505-81FA-786678F82E53}
		{AC2ED76E-45C0-4980-97C1-C327CA02E3FD} = {077840C3-D8C9-4505-81FA-786678F82E53}
		{29A7C8F5-BDBC-4FDC-B662-0DB5D0B3A5CA} = {AC2ED76E-45C0-4980-97C1-C327CA02E3FD}
		{9FF40281-906D-45FB-942B-75B3B6B23E1C} = {387DA6A6-4369-4F18-840F-D63921C5FC9A}
		{F94B510C-1216-47FD-841C-2CF4FD8A80C9} = {B7917793-A0AE-4DB1-B60B-DE220C2A98E0}
	EndGlobalSection
	GlobalSection(ExtensibilityGlobals) = postSolution
		SolutionGuid = {AADDF8F3-4296-4D05-8547-4B7910213567}
	EndGlobalSection
EndGlobal
